
Microsoft Visual Studio Solution File, Format Version 12.00
# Visual Studio 15
VisualStudioVersion = 15.0.28307.489
MinimumVisualStudioVersion = 10.0.40219.1
Project("{9A19103F-16F7-4668-BE54-9A1E7A4F7556}") = "Frontend", "Frontend\Frontend.csproj", "{68067C9C-C0D7-43EE-973B-06614A75E4C5}"
EndProject
Project("{9A19103F-16F7-4668-BE54-9A1E7A4F7556}") = "Backend", "Backend\Backend.csproj", "{A8D95164-A40D-47EF-BFC5-A57B0E80E5BD}"
EndProject
Project("{9A19103F-16F7-4668-BE54-9A1E7A4F7556}") = "Common", "Common\Common.csproj", "{A4671C54-053A-4516-A476-D0F57FD45699}"
EndProject
Project("{9A19103F-16F7-4668-BE54-9A1E7A4F7556}") = "Data", "Data\Data.csproj", "{D01B169E-DE46-4DAB-B9C2-ED5638D159A8}"
EndProject
Global
	GlobalSection(SolutionConfigurationPlatforms) = preSolution
		Debug|Any CPU = Debug|Any CPU
		Release|Any CPU = Release|Any CPU
	EndGlobalSection
	GlobalSection(ProjectConfigurationPlatforms) = postSolution
		{68067C9C-C0D7-43EE-973B-06614A75E4C5}.Debug|Any CPU.ActiveCfg = Debug|Any CPU
		{68067C9C-C0D7-43EE-973B-06614A75E4C5}.Debug|Any CPU.Build.0 = Debug|Any CPU
		{68067C9C-C0D7-43EE-973B-06614A75E4C5}.Release|Any CPU.ActiveCfg = Release|Any CPU
		{68067C9C-C0D7-43EE-973B-06614A75E4C5}.Release|Any CPU.Build.0 = Release|Any CPU
		{A8D95164-A40D-47EF-BFC5-A57B0E80E5BD}.Debug|Any CPU.ActiveCfg = Debug|Any CPU
		{A8D95164-A40D-47EF-BFC5-A57B0E80E5BD}.Debug|Any CPU.Build.0 = Debug|Any CPU
		{A8D95164-A40D-47EF-BFC5-A57B0E80E5BD}.Release|Any CPU.ActiveCfg = Release|Any CPU
		{A8D95164-A40D-47EF-BFC5-A57B0E80E5BD}.Release|Any CPU.Build.0 = Release|Any CPU
		{A4671C54-053A-4516-A476-D0F57FD45699}.Debug|Any CPU.ActiveCfg = Debug|Any CPU
		{A4671C54-053A-4516-A476-D0F57FD45699}.Debug|Any CPU.Build.0 = Debug|Any CPU
		{A4671C54-053A-4516-A476-D0F57FD45699}.Release|Any CPU.ActiveCfg = Release|Any CPU
		{A4671C54-053A-4516-A476-D0F57FD45699}.Release|Any CPU.Build.0 = Release|Any CPU
		{D01B169E-DE46-4DAB-B9C2-ED5638D159A8}.Debug|Any CPU.ActiveCfg = Debug|Any CPU
		{D01B169E-DE46-4DAB-B9C2-ED5638D159A8}.Debug|Any CPU.Build.0 = Debug|Any CPU
		{D01B169E-DE46-4DAB-B9C2-ED5638D159A8}.Release|Any CPU.ActiveCfg = Release|Any CPU
		{D01B169E-DE46-4DAB-B9C2-ED5638D159A8}.Release|Any CPU.Build.0 = Release|Any CPU
	EndGlobalSection
	GlobalSection(SolutionProperties) = preSolution
		HideSolutionNode = FALSE
	EndGlobalSection
	GlobalSection(ExtensibilityGlobals) = postSolution
		SolutionGuid = {29161162-22CC-45B9-904B-FE235F08DF17}
	EndGlobalSection
EndGlobal
